
Microsoft Visual Studio Solution File, Format Version 12.00
# Visual Studio Version 17
VisualStudioVersion = 17.7.34221.43
MinimumVisualStudioVersion = 10.0.40219.1
Project("{2150E333-8FDC-42A3-9474-1A3956D46DE8}") = "Engine", "Engine", "{A4895411-C561-4010-94DB-0F2CD43EEB13}"
EndProject
Project("{2150E333-8FDC-42A3-9474-1A3956D46DE8}") = "Framework", "Framework", "{91E69A07-D96C-491D-8D68-D855296E3D38}"
EndProject
Project("{8BC9CEB8-8B4A-11D0-8D11-00A0C91BC942}") = "Core", "Framework\Core\Core.vcxproj", "{E6C1874F-7010-4426-A3DC-B90E92023D73}"
EndProject
Project("{2150E333-8FDC-42A3-9474-1A3956D46DE8}") = "VGP242", "VGP242", "{8352A241-7006-4437-A719-9A317328790B}"
EndProject
Project("{8BC9CEB8-8B4A-11D0-8D11-00A0C91BC942}") = "01_HelloWindow", "VGP242\01_HelloWindow\01_HelloWindow.vcxproj", "{C334D320-1B6F-4518-A77D-936D23F2A07E}"
EndProject
Project("{8BC9CEB8-8B4A-11D0-8D11-00A0C91BC942}") = "SumEngine", "Engine\SumEngine\SumEngine.vcxproj", "{653358AA-2803-4AD7-BFD5-869402C82D57}"
EndProject
Project("{8BC9CEB8-8B4A-11D0-8D11-00A0C91BC942}") = "Graphics", "Framework\Graphics\Graphics.vcxproj", "{4ED2E746-1D15-4C41-8E77-C6487F43B778}"
EndProject
Project("{2150E333-8FDC-42A3-9474-1A3956D46DE8}") = "External", "External", "{9B740904-0C02-4FC2-8E02-A3D382C43E73}"
EndProject
Project("{8BC9CEB8-8B4A-11D0-8D11-00A0C91BC942}") = "DirectXTK_Desktop_2019", "External\DirectXTK\DirectXTK_Desktop_2019.vcxproj", "{E0B52AE7-E160-4D32-BF3F-910B785E5A8E}"
EndProject
Project("{8BC9CEB8-8B4A-11D0-8D11-00A0C91BC942}") = "Math", "Framework\Math\Math.vcxproj", "{D1CA39EE-E8D8-4137-ADA1-9E35F5D47AC2}"
EndProject
Project("{8BC9CEB8-8B4A-11D0-8D11-00A0C91BC942}") = "Input", "Framework\Input\Input.vcxproj", "{3629F01A-6FED-42EB-B308-E9F7F1346EAF}"
EndProject
Project("{8BC9CEB8-8B4A-11D0-8D11-00A0C91BC942}") = "02_HelloShapes", "VGP242\02_HelloShapes\02_HelloShapes.vcxproj", "{ABB52560-31CD-4BEE-B654-2296DB228AF7}"
EndProject
Project("{2150E333-8FDC-42A3-9474-1A3956D46DE8}") = "Assets", "Assets", "{B1443D85-B641-4865-BAF3-BB8D65C8D8C3}"
EndProject
Project("{2150E333-8FDC-42A3-9474-1A3956D46DE8}") = "Shaders", "Shaders", "{4E8ED22A-D075-4D68-ADA6-0D2185936761}"
	ProjectSection(SolutionItems) = preProject
		Assets\Shaders\DoColor.fx = Assets\Shaders\DoColor.fx
		Assets\Shaders\DoTexture.fx = Assets\Shaders\DoTexture.fx
		Assets\Shaders\DoTransform.fx = Assets\Shaders\DoTransform.fx
	EndProjectSection
EndProject
Project("{8BC9CEB8-8B4A-11D0-8D11-00A0C91BC942}") = "03_HelloCube", "VGP242\03_HelloCube\03_HelloCube.vcxproj", "{1E46322E-2C85-4B36-B6B4-793EFD5ED6B8}"
EndProject
Project("{8BC9CEB8-8B4A-11D0-8D11-00A0C91BC942}") = "04_HelloMeshBuilder", "VGP242\04_HelloMeshBuilder\04_HelloMeshBuilder.vcxproj", "{D92DB9AE-1C38-4F21-9549-E1E2AD38B0A2}"
EndProject
Project("{8BC9CEB8-8B4A-11D0-8D11-00A0C91BC942}") = "ImGui", "External\ImGui\ImGui.vcxproj", "{52D656A2-A2F4-4C54-A3C7-653427BED1E8}"
EndProject
Project("{8BC9CEB8-8B4A-11D0-8D11-00A0C91BC942}") = "05_HelloDebug", "VGP242\05_HelloDebug\05_HelloDebug.vcxproj", "{E59DD9E5-12DA-4BBF-9CF1-2760AE320C82}"
EndProject
Project("{8BC9CEB8-8B4A-11D0-8D11-00A0C91BC942}") = "06_HelloSimpleDraw", "VGP242\06_HelloSimpleDraw\06_HelloSimpleDraw.vcxproj", "{E85FCD64-57F4-4BA1-89EE-C6008725D926}"
EndProject
Global
	GlobalSection(SolutionConfigurationPlatforms) = preSolution
		Debug|x64 = Debug|x64
		Debug|x86 = Debug|x86
		Release|x64 = Release|x64
		Release|x86 = Release|x86
	EndGlobalSection
	GlobalSection(ProjectConfigurationPlatforms) = postSolution
		{E6C1874F-7010-4426-A3DC-B90E92023D73}.Debug|x64.ActiveCfg = Debug|x64
		{E6C1874F-7010-4426-A3DC-B90E92023D73}.Debug|x64.Build.0 = Debug|x64
		{E6C1874F-7010-4426-A3DC-B90E92023D73}.Debug|x86.ActiveCfg = Debug|Win32
		{E6C1874F-7010-4426-A3DC-B90E92023D73}.Debug|x86.Build.0 = Debug|Win32
		{E6C1874F-7010-4426-A3DC-B90E92023D73}.Release|x64.ActiveCfg = Release|x64
		{E6C1874F-7010-4426-A3DC-B90E92023D73}.Release|x64.Build.0 = Release|x64
		{E6C1874F-7010-4426-A3DC-B90E92023D73}.Release|x86.ActiveCfg = Release|Win32
		{E6C1874F-7010-4426-A3DC-B90E92023D73}.Release|x86.Build.0 = Release|Win32
		{C334D320-1B6F-4518-A77D-936D23F2A07E}.Debug|x64.ActiveCfg = Debug|x64
		{C334D320-1B6F-4518-A77D-936D23F2A07E}.Debug|x64.Build.0 = Debug|x64
		{C334D320-1B6F-4518-A77D-936D23F2A07E}.Debug|x86.ActiveCfg = Debug|Win32
		{C334D320-1B6F-4518-A77D-936D23F2A07E}.Debug|x86.Build.0 = Debug|Win32
		{C334D320-1B6F-4518-A77D-936D23F2A07E}.Release|x64.ActiveCfg = Release|x64
		{C334D320-1B6F-4518-A77D-936D23F2A07E}.Release|x64.Build.0 = Release|x64
		{C334D320-1B6F-4518-A77D-936D23F2A07E}.Release|x86.ActiveCfg = Release|Win32
		{C334D320-1B6F-4518-A77D-936D23F2A07E}.Release|x86.Build.0 = Release|Win32
		{653358AA-2803-4AD7-BFD5-869402C82D57}.Debug|x64.ActiveCfg = Debug|x64
		{653358AA-2803-4AD7-BFD5-869402C82D57}.Debug|x64.Build.0 = Debug|x64
		{653358AA-2803-4AD7-BFD5-869402C82D57}.Debug|x86.ActiveCfg = Debug|Win32
		{653358AA-2803-4AD7-BFD5-869402C82D57}.Debug|x86.Build.0 = Debug|Win32
		{653358AA-2803-4AD7-BFD5-869402C82D57}.Release|x64.ActiveCfg = Release|x64
		{653358AA-2803-4AD7-BFD5-869402C82D57}.Release|x64.Build.0 = Release|x64
		{653358AA-2803-4AD7-BFD5-869402C82D57}.Release|x86.ActiveCfg = Release|Win32
		{653358AA-2803-4AD7-BFD5-869402C82D57}.Release|x86.Build.0 = Release|Win32
		{4ED2E746-1D15-4C41-8E77-C6487F43B778}.Debug|x64.ActiveCfg = Debug|x64
		{4ED2E746-1D15-4C41-8E77-C6487F43B778}.Debug|x64.Build.0 = Debug|x64
		{4ED2E746-1D15-4C41-8E77-C6487F43B778}.Debug|x86.ActiveCfg = Debug|Win32
		{4ED2E746-1D15-4C41-8E77-C6487F43B778}.Debug|x86.Build.0 = Debug|Win32
		{4ED2E746-1D15-4C41-8E77-C6487F43B778}.Release|x64.ActiveCfg = Release|x64
		{4ED2E746-1D15-4C41-8E77-C6487F43B778}.Release|x64.Build.0 = Release|x64
		{4ED2E746-1D15-4C41-8E77-C6487F43B778}.Release|x86.ActiveCfg = Release|Win32
		{4ED2E746-1D15-4C41-8E77-C6487F43B778}.Release|x86.Build.0 = Release|Win32
		{E0B52AE7-E160-4D32-BF3F-910B785E5A8E}.Debug|x64.ActiveCfg = Debug|x64
		{E0B52AE7-E160-4D32-BF3F-910B785E5A8E}.Debug|x64.Build.0 = Debug|x64
		{E0B52AE7-E160-4D32-BF3F-910B785E5A8E}.Debug|x86.ActiveCfg = Debug|Win32
		{E0B52AE7-E160-4D32-BF3F-910B785E5A8E}.Debug|x86.Build.0 = Debug|Win32
		{E0B52AE7-E160-4D32-BF3F-910B785E5A8E}.Release|x64.ActiveCfg = Release|x64
		{E0B52AE7-E160-4D32-BF3F-910B785E5A8E}.Release|x64.Build.0 = Release|x64
		{E0B52AE7-E160-4D32-BF3F-910B785E5A8E}.Release|x86.ActiveCfg = Release|Win32
		{E0B52AE7-E160-4D32-BF3F-910B785E5A8E}.Release|x86.Build.0 = Release|Win32
		{D1CA39EE-E8D8-4137-ADA1-9E35F5D47AC2}.Debug|x64.ActiveCfg = Debug|x64
		{D1CA39EE-E8D8-4137-ADA1-9E35F5D47AC2}.Debug|x64.Build.0 = Debug|x64
		{D1CA39EE-E8D8-4137-ADA1-9E35F5D47AC2}.Debug|x86.ActiveCfg = Debug|Win32
		{D1CA39EE-E8D8-4137-ADA1-9E35F5D47AC2}.Debug|x86.Build.0 = Debug|Win32
		{D1CA39EE-E8D8-4137-ADA1-9E35F5D47AC2}.Release|x64.ActiveCfg = Release|x64
		{D1CA39EE-E8D8-4137-ADA1-9E35F5D47AC2}.Release|x64.Build.0 = Release|x64
		{D1CA39EE-E8D8-4137-ADA1-9E35F5D47AC2}.Release|x86.ActiveCfg = Release|Win32
		{D1CA39EE-E8D8-4137-ADA1-9E35F5D47AC2}.Release|x86.Build.0 = Release|Win32
		{3629F01A-6FED-42EB-B308-E9F7F1346EAF}.Debug|x64.ActiveCfg = Debug|x64
		{3629F01A-6FED-42EB-B308-E9F7F1346EAF}.Debug|x64.Build.0 = Debug|x64
		{3629F01A-6FED-42EB-B308-E9F7F1346EAF}.Debug|x86.ActiveCfg = Debug|Win32
		{3629F01A-6FED-42EB-B308-E9F7F1346EAF}.Debug|x86.Build.0 = Debug|Win32
		{3629F01A-6FED-42EB-B308-E9F7F1346EAF}.Release|x64.ActiveCfg = Release|x64
		{3629F01A-6FED-42EB-B308-E9F7F1346EAF}.Release|x64.Build.0 = Release|x64
		{3629F01A-6FED-42EB-B308-E9F7F1346EAF}.Release|x86.ActiveCfg = Release|Win32
		{3629F01A-6FED-42EB-B308-E9F7F1346EAF}.Release|x86.Build.0 = Release|Win32
		{ABB52560-31CD-4BEE-B654-2296DB228AF7}.Debug|x64.ActiveCfg = Debug|x64
		{ABB52560-31CD-4BEE-B654-2296DB228AF7}.Debug|x64.Build.0 = Debug|x64
		{ABB52560-31CD-4BEE-B654-2296DB228AF7}.Debug|x86.ActiveCfg = Debug|Win32
		{ABB52560-31CD-4BEE-B654-2296DB228AF7}.Debug|x86.Build.0 = Debug|Win32
		{ABB52560-31CD-4BEE-B654-2296DB228AF7}.Release|x64.ActiveCfg = Release|x64
		{ABB52560-31CD-4BEE-B654-2296DB228AF7}.Release|x64.Build.0 = Release|x64
		{ABB52560-31CD-4BEE-B654-2296DB228AF7}.Release|x86.ActiveCfg = Release|Win32
		{ABB52560-31CD-4BEE-B654-2296DB228AF7}.Release|x86.Build.0 = Release|Win32
		{1E46322E-2C85-4B36-B6B4-793EFD5ED6B8}.Debug|x64.ActiveCfg = Debug|x64
		{1E46322E-2C85-4B36-B6B4-793EFD5ED6B8}.Debug|x64.Build.0 = Debug|x64
		{1E46322E-2C85-4B36-B6B4-793EFD5ED6B8}.Debug|x86.ActiveCfg = Debug|Win32
		{1E46322E-2C85-4B36-B6B4-793EFD5ED6B8}.Debug|x86.Build.0 = Debug|Win32
		{1E46322E-2C85-4B36-B6B4-793EFD5ED6B8}.Release|x64.ActiveCfg = Release|x64
		{1E46322E-2C85-4B36-B6B4-793EFD5ED6B8}.Release|x64.Build.0 = Release|x64
		{1E46322E-2C85-4B36-B6B4-793EFD5ED6B8}.Release|x86.ActiveCfg = Release|Win32
		{1E46322E-2C85-4B36-B6B4-793EFD5ED6B8}.Release|x86.Build.0 = Release|Win32
		{D92DB9AE-1C38-4F21-9549-E1E2AD38B0A2}.Debug|x64.ActiveCfg = Debug|x64
		{D92DB9AE-1C38-4F21-9549-E1E2AD38B0A2}.Debug|x64.Build.0 = Debug|x64
		{D92DB9AE-1C38-4F21-9549-E1E2AD38B0A2}.Debug|x86.ActiveCfg = Debug|Win32
		{D92DB9AE-1C38-4F21-9549-E1E2AD38B0A2}.Debug|x86.Build.0 = Debug|Win32
		{D92DB9AE-1C38-4F21-9549-E1E2AD38B0A2}.Release|x64.ActiveCfg = Release|x64
		{D92DB9AE-1C38-4F21-9549-E1E2AD38B0A2}.Release|x64.Build.0 = Release|x64
		{D92DB9AE-1C38-4F21-9549-E1E2AD38B0A2}.Release|x86.ActiveCfg = Release|Win32
		{D92DB9AE-1C38-4F21-9549-E1E2AD38B0A2}.Release|x86.Build.0 = Release|Win32
		{52D656A2-A2F4-4C54-A3C7-653427BED1E8}.Debug|x64.ActiveCfg = Debug|x64
		{52D656A2-A2F4-4C54-A3C7-653427BED1E8}.Debug|x64.Build.0 = Debug|x64
		{52D656A2-A2F4-4C54-A3C7-653427BED1E8}.Debug|x86.ActiveCfg = Debug|Win32
		{52D656A2-A2F4-4C54-A3C7-653427BED1E8}.Debug|x86.Build.0 = Debug|Win32
		{52D656A2-A2F4-4C54-A3C7-653427BED1E8}.Release|x64.ActiveCfg = Release|x64
		{52D656A2-A2F4-4C54-A3C7-653427BED1E8}.Release|x64.Build.0 = Release|x64
		{52D656A2-A2F4-4C54-A3C7-653427BED1E8}.Release|x86.ActiveCfg = Release|Win32
		{52D656A2-A2F4-4C54-A3C7-653427BED1E8}.Release|x86.Build.0 = Release|Win32
		{E59DD9E5-12DA-4BBF-9CF1-2760AE320C82}.Debug|x64.ActiveCfg = Debug|x64
		{E59DD9E5-12DA-4BBF-9CF1-2760AE320C82}.Debug|x64.Build.0 = Debug|x64
		{E59DD9E5-12DA-4BBF-9CF1-2760AE320C82}.Debug|x86.ActiveCfg = Debug|Win32
		{E59DD9E5-12DA-4BBF-9CF1-2760AE320C82}.Debug|x86.Build.0 = Debug|Win32
		{E59DD9E5-12DA-4BBF-9CF1-2760AE320C82}.Release|x64.ActiveCfg = Release|x64
		{E59DD9E5-12DA-4BBF-9CF1-2760AE320C82}.Release|x64.Build.0 = Release|x64
		{E59DD9E5-12DA-4BBF-9CF1-2760AE320C82}.Release|x86.ActiveCfg = Release|Win32
		{E59DD9E5-12DA-4BBF-9CF1-2760AE320C82}.Release|x86.Build.0 = Release|Win32
		{E85FCD64-57F4-4BA1-89EE-C6008725D926}.Debug|x64.ActiveCfg = Debug|x64
		{E85FCD64-57F4-4BA1-89EE-C6008725D926}.Debug|x64.Build.0 = Debug|x64
		{E85FCD64-57F4-4BA1-89EE-C6008725D926}.Debug|x86.ActiveCfg = Debug|Win32
		{E85FCD64-57F4-4BA1-89EE-C6008725D926}.Debug|x86.Build.0 = Debug|Win32
		{E85FCD64-57F4-4BA1-89EE-C6008725D926}.Release|x64.ActiveCfg = Release|x64
		{E85FCD64-57F4-4BA1-89EE-C6008725D926}.Release|x64.Build.0 = Release|x64
		{E85FCD64-57F4-4BA1-89EE-C6008725D926}.Release|x86.ActiveCfg = Release|Win32
		{E85FCD64-57F4-4BA1-89EE-C6008725D926}.Release|x86.Build.0 = Release|Win32
	EndGlobalSection
	GlobalSection(SolutionProperties) = preSolution
		HideSolutionNode = FALSE
	EndGlobalSection
	GlobalSection(NestedProjects) = preSolution
		{E6C1874F-7010-4426-A3DC-B90E92023D73} = {91E69A07-D96C-491D-8D68-D855296E3D38}
		{C334D320-1B6F-4518-A77D-936D23F2A07E} = {8352A241-7006-4437-A719-9A317328790B}
		{653358AA-2803-4AD7-BFD5-869402C82D57} = {A4895411-C561-4010-94DB-0F2CD43EEB13}
		{4ED2E746-1D15-4C41-8E77-C6487F43B778} = {91E69A07-D96C-491D-8D68-D855296E3D38}
		{E0B52AE7-E160-4D32-BF3F-910B785E5A8E} = {9B740904-0C02-4FC2-8E02-A3D382C43E73}
		{D1CA39EE-E8D8-4137-ADA1-9E35F5D47AC2} = {91E69A07-D96C-491D-8D68-D855296E3D38}
		{3629F01A-6FED-42EB-B308-E9F7F1346EAF} = {91E69A07-D96C-491D-8D68-D855296E3D38}
		{ABB52560-31CD-4BEE-B654-2296DB228AF7} = {8352A241-7006-4437-A719-9A317328790B}
		{4E8ED22A-D075-4D68-ADA6-0D2185936761} = {B1443D85-B641-4865-BAF3-BB8D65C8D8C3}
		{1E46322E-2C85-4B36-B6B4-793EFD5ED6B8} = {8352A241-7006-4437-A719-9A317328790B}
		{D92DB9AE-1C38-4F21-9549-E1E2AD38B0A2} = {8352A241-7006-4437-A719-9A317328790B}
		{52D656A2-A2F4-4C54-A3C7-653427BED1E8} = {9B740904-0C02-4FC2-8E02-A3D382C43E73}
		{E59DD9E5-12DA-4BBF-9CF1-2760AE320C82} = {8352A241-7006-4437-A719-9A317328790B}
		{E85FCD64-57F4-4BA1-89EE-C6008725D926} = {8352A241-7006-4437-A719-9A317328790B}
	EndGlobalSection
	GlobalSection(ExtensibilityGlobals) = postSolution
		SolutionGuid = {8FE74B6F-6EB1-4809-B285-5C9440857B8D}
	EndGlobalSection
EndGlobal
